
Microsoft Visual Studio Solution File, Format Version 12.00
# Visual Studio 15
VisualStudioVersion = 15.0.28307.1169
MinimumVisualStudioVersion = 10.0.40219.1
Project("{FAE04EC0-301F-11D3-BF4B-00C04F79EFBC}") = "Homework10_1", "Homework10_1\Homework10_1.csproj", "{67EB2361-9274-4EF4-9DB7-CDE6F9A9CE27}"
EndProject
Global
	GlobalSection(SolutionConfigurationPlatforms) = preSolution
		Debug|Any CPU = Debug|Any CPU
		Release|Any CPU = Release|Any CPU
	EndGlobalSection
	GlobalSection(ProjectConfigurationPlatforms) = postSolution
		{67EB2361-9274-4EF4-9DB7-CDE6F9A9CE27}.Debug|Any CPU.ActiveCfg = Debug|Any CPU
		{67EB2361-9274-4EF4-9DB7-CDE6F9A9CE27}.Debug|Any CPU.Build.0 = Debug|Any CPU
		{67EB2361-9274-4EF4-9DB7-CDE6F9A9CE27}.Release|Any CPU.ActiveCfg = Release|Any CPU
		{67EB2361-9274-4EF4-9DB7-CDE6F9A9CE27}.Release|Any CPU.Build.0 = Release|Any CPU
	EndGlobalSection
	GlobalSection(SolutionProperties) = preSolution
		HideSolutionNode = FALSE
	EndGlobalSection
	GlobalSection(ExtensibilityGlobals) = postSolution
		SolutionGuid = {2FD858C6-DC48-43C1-8D0E-FCADAD0395E9}
	EndGlobalSection
EndGlobal
