
Microsoft Visual Studio Solution File, Format Version 12.00
# Visual Studio 15
VisualStudioVersion = 15.0.28307.1169
MinimumVisualStudioVersion = 10.0.40219.1
Project("{FAE04EC0-301F-11D3-BF4B-00C04F79EFBC}") = "homework05_1", "homework05_1\homework05_1.csproj", "{C1072CBE-8ACD-4C0C-B549-B21D4DB2A4EE}"
EndProject
Global
	GlobalSection(SolutionConfigurationPlatforms) = preSolution
		Debug|Any CPU = Debug|Any CPU
		Release|Any CPU = Release|Any CPU
	EndGlobalSection
	GlobalSection(ProjectConfigurationPlatforms) = postSolution
		{C1072CBE-8ACD-4C0C-B549-B21D4DB2A4EE}.Debug|Any CPU.ActiveCfg = Debug|Any CPU
		{C1072CBE-8ACD-4C0C-B549-B21D4DB2A4EE}.Debug|Any CPU.Build.0 = Debug|Any CPU
		{C1072CBE-8ACD-4C0C-B549-B21D4DB2A4EE}.Release|Any CPU.ActiveCfg = Release|Any CPU
		{C1072CBE-8ACD-4C0C-B549-B21D4DB2A4EE}.Release|Any CPU.Build.0 = Release|Any CPU
	EndGlobalSection
	GlobalSection(SolutionProperties) = preSolution
		HideSolutionNode = FALSE
	EndGlobalSection
	GlobalSection(ExtensibilityGlobals) = postSolution
		SolutionGuid = {AE40B187-0AE6-45CD-964E-286801F23350}
	EndGlobalSection
EndGlobal
