
Microsoft Visual Studio Solution File, Format Version 12.00
# Visual Studio 15
VisualStudioVersion = 15.0.28307.1169
MinimumVisualStudioVersion = 10.0.40219.1
Project("{FAE04EC0-301F-11D3-BF4B-00C04F79EFBC}") = "homework07_1", "homework07_1\homework07_1.csproj", "{55C30DD4-7177-4821-A485-A11892D9CF17}"
EndProject
Global
	GlobalSection(SolutionConfigurationPlatforms) = preSolution
		Debug|Any CPU = Debug|Any CPU
		Release|Any CPU = Release|Any CPU
	EndGlobalSection
	GlobalSection(ProjectConfigurationPlatforms) = postSolution
		{55C30DD4-7177-4821-A485-A11892D9CF17}.Debug|Any CPU.ActiveCfg = Debug|Any CPU
		{55C30DD4-7177-4821-A485-A11892D9CF17}.Debug|Any CPU.Build.0 = Debug|Any CPU
		{55C30DD4-7177-4821-A485-A11892D9CF17}.Release|Any CPU.ActiveCfg = Release|Any CPU
		{55C30DD4-7177-4821-A485-A11892D9CF17}.Release|Any CPU.Build.0 = Release|Any CPU
	EndGlobalSection
	GlobalSection(SolutionProperties) = preSolution
		HideSolutionNode = FALSE
	EndGlobalSection
	GlobalSection(ExtensibilityGlobals) = postSolution
		SolutionGuid = {32A10909-FDD8-4EBB-A902-BD938C3E6CEF}
	EndGlobalSection
EndGlobal
